
Microsoft Visual Studio Solution File, Format Version 12.00
# Visual Studio Version 17
VisualStudioVersion = 17.9.34622.214
MinimumVisualStudioVersion = 10.0.40219.1
Project("{FAE04EC0-301F-11D3-BF4B-00C04F79EFBC}") = "EncryptionAplication", "EncryptionAplication\EncryptionAplication.csproj", "{624CE0B9-858A-42FF-A2C1-AC642136326E}"
EndProject
Global
	GlobalSection(SolutionConfigurationPlatforms) = preSolution
		Debug|Any CPU = Debug|Any CPU
		Release|Any CPU = Release|Any CPU
	EndGlobalSection
	GlobalSection(ProjectConfigurationPlatforms) = postSolution
		{624CE0B9-858A-42FF-A2C1-AC642136326E}.Debug|Any CPU.ActiveCfg = Debug|Any CPU
		{624CE0B9-858A-42FF-A2C1-AC642136326E}.Debug|Any CPU.Build.0 = Debug|Any CPU
		{624CE0B9-858A-42FF-A2C1-AC642136326E}.Release|Any CPU.ActiveCfg = Release|Any CPU
		{624CE0B9-858A-42FF-A2C1-AC642136326E}.Release|Any CPU.Build.0 = Release|Any CPU
	EndGlobalSection
	GlobalSection(SolutionProperties) = preSolution
		HideSolutionNode = FALSE
	EndGlobalSection
	GlobalSection(ExtensibilityGlobals) = postSolution
		SolutionGuid = {58873890-97B9-4857-9CD0-70F1B35BAB91}
	EndGlobalSection
EndGlobal
